// !$*UTF8*$!
{
	archiveVersion = 1;
	classes = {
	};
	objectVersion = 51;
	objects = {

/* Begin PBXBuildFile section */
		140BC9AD81D4384E7B001AFB /* Pods_Dare.framework in Frameworks */ = {isa = PBXBuildFile; fileRef = ECE9565BB4A9B3596DF59CC1 /* Pods_Dare.framework */; };
		678BAED123E9D672002E027E /* DarePageViewController.swift in Sources */ = {isa = PBXBuildFile; fileRef = 678BAED023E9D672002E027E /* DarePageViewController.swift */; };
		678BAED523E9DA0E002E027E /* DarePageHeaderCell.swift in Sources */ = {isa = PBXBuildFile; fileRef = 678BAED423E9DA0E002E027E /* DarePageHeaderCell.swift */; };
		67B0429023E277980046924F /* AppDelegate.swift in Sources */ = {isa = PBXBuildFile; fileRef = 67B0428F23E277980046924F /* AppDelegate.swift */; };
		67B0429223E277980046924F /* SceneDelegate.swift in Sources */ = {isa = PBXBuildFile; fileRef = 67B0429123E277980046924F /* SceneDelegate.swift */; };
		67B0429423E277990046924F /* ViewController.swift in Sources */ = {isa = PBXBuildFile; fileRef = 67B0429323E277990046924F /* ViewController.swift */; };
		67B0429923E2779A0046924F /* Assets.xcassets in Resources */ = {isa = PBXBuildFile; fileRef = 67B0429823E2779A0046924F /* Assets.xcassets */; };
		67B0429C23E2779A0046924F /* LaunchScreen.storyboard in Resources */ = {isa = PBXBuildFile; fileRef = 67B0429A23E2779A0046924F /* LaunchScreen.storyboard */; };
		67B042B923E278490046924F /* SignUpViewController.swift in Sources */ = {isa = PBXBuildFile; fileRef = 67B042A523E278490046924F /* SignUpViewController.swift */; };
		67B042BA23E278490046924F /* EmailPhoneLoginViewController.swift in Sources */ = {isa = PBXBuildFile; fileRef = 67B042A623E278490046924F /* EmailPhoneLoginViewController.swift */; };
		67B042BB23E278490046924F /* EmailPasswordSignUpViewController.swift in Sources */ = {isa = PBXBuildFile; fileRef = 67B042A723E278490046924F /* EmailPasswordSignUpViewController.swift */; };
		67B042BC23E278490046924F /* StartViewController.swift in Sources */ = {isa = PBXBuildFile; fileRef = 67B042A823E278490046924F /* StartViewController.swift */; };
		67B042BD23E278490046924F /* EmailPhoneSignUpViewController.swift in Sources */ = {isa = PBXBuildFile; fileRef = 67B042A923E278490046924F /* EmailPhoneSignUpViewController.swift */; };
		67B042BE23E278490046924F /* LoginViewController.swift in Sources */ = {isa = PBXBuildFile; fileRef = 67B042AA23E278490046924F /* LoginViewController.swift */; };
		67B042BF23E278490046924F /* AlreadyRegisteredEmailPasswordViewController.swift in Sources */ = {isa = PBXBuildFile; fileRef = 67B042AB23E278490046924F /* AlreadyRegisteredEmailPasswordViewController.swift */; };
		67B042C023E278490046924F /* ExploreViewController.swift in Sources */ = {isa = PBXBuildFile; fileRef = 67B042AD23E278490046924F /* ExploreViewController.swift */; };
		67B042C123E278490046924F /* ActivityViewController.swift in Sources */ = {isa = PBXBuildFile; fileRef = 67B042AE23E278490046924F /* ActivityViewController.swift */; };
		67B042C223E278490046924F /* HomeViewController.swift in Sources */ = {isa = PBXBuildFile; fileRef = 67B042AF23E278490046924F /* HomeViewController.swift */; };
		67B042C323E278490046924F /* ExploreProfileViewController.swift in Sources */ = {isa = PBXBuildFile; fileRef = 67B042B123E278490046924F /* ExploreProfileViewController.swift */; };
		67B042C423E278490046924F /* ProfileViewController.swift in Sources */ = {isa = PBXBuildFile; fileRef = 67B042B223E278490046924F /* ProfileViewController.swift */; };
		67B042C523E278490046924F /* ProfileSettingsViewController.swift in Sources */ = {isa = PBXBuildFile; fileRef = 67B042B323E278490046924F /* ProfileSettingsViewController.swift */; };
		67B042C723E278490046924F /* ChooseDareViewController.swift in Sources */ = {isa = PBXBuildFile; fileRef = 67B042B623E278490046924F /* ChooseDareViewController.swift */; };
		67B042C823E278490046924F /* DareCameraViewController.swift in Sources */ = {isa = PBXBuildFile; fileRef = 67B042B723E278490046924F /* DareCameraViewController.swift */; };
		67B042C923E278490046924F /* DarePostViewController.swift in Sources */ = {isa = PBXBuildFile; fileRef = 67B042B823E278490046924F /* DarePostViewController.swift */; };
		67B042D323E2785B0046924F /* ActivityLoadingCellNode.swift in Sources */ = {isa = PBXBuildFile; fileRef = 67B042CB23E2785B0046924F /* ActivityLoadingCellNode.swift */; };
		67B042D423E2785B0046924F /* ProfileHeaderCollectionViewCell.swift in Sources */ = {isa = PBXBuildFile; fileRef = 67B042CC23E2785B0046924F /* ProfileHeaderCollectionViewCell.swift */; };
		67B042D523E2785B0046924F /* PostCollectionViewCell.swift in Sources */ = {isa = PBXBuildFile; fileRef = 67B042CD23E2785B0046924F /* PostCollectionViewCell.swift */; };
		67B042D623E2785B0046924F /* MainTabBarController.swift in Sources */ = {isa = PBXBuildFile; fileRef = 67B042CE23E2785B0046924F /* MainTabBarController.swift */; };
		67B042D723E2785B0046924F /* ExploreProfileHeaderCell.swift in Sources */ = {isa = PBXBuildFile; fileRef = 67B042CF23E2785B0046924F /* ExploreProfileHeaderCell.swift */; };
		67B042D823E2785B0046924F /* Post.swift in Sources */ = {isa = PBXBuildFile; fileRef = 67B042D023E2785B0046924F /* Post.swift */; };
		67B042D923E2785B0046924F /* hills.mp4 in Resources */ = {isa = PBXBuildFile; fileRef = 67B042D223E2785B0046924F /* hills.mp4 */; };
		67B042DD23E278660046924F /* Constants.swift in Sources */ = {isa = PBXBuildFile; fileRef = 67B042DB23E278660046924F /* Constants.swift */; };
		67B042DE23E278660046924F /* Utilities.swift in Sources */ = {isa = PBXBuildFile; fileRef = 67B042DC23E278660046924F /* Utilities.swift */; };
		67B042E023E279390046924F /* GoogleService-Info.plist in Resources */ = {isa = PBXBuildFile; fileRef = 67B042DF23E279390046924F /* GoogleService-Info.plist */; };
		67B042E323E3698C0046924F /* VideoPlayback.swift in Sources */ = {isa = PBXBuildFile; fileRef = 67B042E223E3698C0046924F /* VideoPlayback.swift */; };
		67B0430523E3C8760046924F /* EditProfileViewController.swift in Sources */ = {isa = PBXBuildFile; fileRef = 67B0430423E3C8760046924F /* EditProfileViewController.swift */; };
		67B0430723E5480B0046924F /* ChangeUserInfoViewController.swift in Sources */ = {isa = PBXBuildFile; fileRef = 67B0430623E5480B0046924F /* ChangeUserInfoViewController.swift */; };
		67B0430923E75F490046924F /* Profile.swift in Sources */ = {isa = PBXBuildFile; fileRef = 67B0430823E75F490046924F /* Profile.swift */; };
		67B3EDE123E7BF5F00D0C190 /* SegmentedControlExtension.swift in Sources */ = {isa = PBXBuildFile; fileRef = 67B3EDE023E7BF5F00D0C190 /* SegmentedControlExtension.swift */; };
		67B3EDE323E7CF4E00D0C190 /* DareCategoryViewController.swift in Sources */ = {isa = PBXBuildFile; fileRef = 67B3EDE223E7CF4E00D0C190 /* DareCategoryViewController.swift */; };
		67B3EDE523E886D100D0C190 /* Dare.swift in Sources */ = {isa = PBXBuildFile; fileRef = 67B3EDE423E886D100D0C190 /* Dare.swift */; };
/* End PBXBuildFile section */

/* Begin PBXFileReference section */
		4B163FBA6F6A0ABEDD6FBC96 /* Pods-Dare.release.xcconfig */ = {isa = PBXFileReference; includeInIndex = 1; lastKnownFileType = text.xcconfig; name = "Pods-Dare.release.xcconfig"; path = "Target Support Files/Pods-Dare/Pods-Dare.release.xcconfig"; sourceTree = "<group>"; };
		678BAED023E9D672002E027E /* DarePageViewController.swift */ = {isa = PBXFileReference; lastKnownFileType = sourcecode.swift; path = DarePageViewController.swift; sourceTree = "<group>"; };
		678BAED423E9DA0E002E027E /* DarePageHeaderCell.swift */ = {isa = PBXFileReference; lastKnownFileType = sourcecode.swift; path = DarePageHeaderCell.swift; sourceTree = "<group>"; };
		67B0428C23E277980046924F /* Dare.app */ = {isa = PBXFileReference; explicitFileType = wrapper.application; includeInIndex = 0; path = Dare.app; sourceTree = BUILT_PRODUCTS_DIR; };
		67B0428F23E277980046924F /* AppDelegate.swift */ = {isa = PBXFileReference; lastKnownFileType = sourcecode.swift; path = AppDelegate.swift; sourceTree = "<group>"; };
		67B0429123E277980046924F /* SceneDelegate.swift */ = {isa = PBXFileReference; lastKnownFileType = sourcecode.swift; path = SceneDelegate.swift; sourceTree = "<group>"; };
		67B0429323E277990046924F /* ViewController.swift */ = {isa = PBXFileReference; lastKnownFileType = sourcecode.swift; path = ViewController.swift; sourceTree = "<group>"; };
		67B0429823E2779A0046924F /* Assets.xcassets */ = {isa = PBXFileReference; lastKnownFileType = folder.assetcatalog; path = Assets.xcassets; sourceTree = "<group>"; };
		67B0429B23E2779A0046924F /* Base */ = {isa = PBXFileReference; lastKnownFileType = file.storyboard; name = Base; path = Base.lproj/LaunchScreen.storyboard; sourceTree = "<group>"; };
		67B0429D23E2779A0046924F /* Info.plist */ = {isa = PBXFileReference; lastKnownFileType = text.plist.xml; path = Info.plist; sourceTree = "<group>"; };
		67B042A523E278490046924F /* SignUpViewController.swift */ = {isa = PBXFileReference; fileEncoding = 4; lastKnownFileType = sourcecode.swift; path = SignUpViewController.swift; sourceTree = "<group>"; };
		67B042A623E278490046924F /* EmailPhoneLoginViewController.swift */ = {isa = PBXFileReference; fileEncoding = 4; lastKnownFileType = sourcecode.swift; path = EmailPhoneLoginViewController.swift; sourceTree = "<group>"; };
		67B042A723E278490046924F /* EmailPasswordSignUpViewController.swift */ = {isa = PBXFileReference; fileEncoding = 4; lastKnownFileType = sourcecode.swift; path = EmailPasswordSignUpViewController.swift; sourceTree = "<group>"; };
		67B042A823E278490046924F /* StartViewController.swift */ = {isa = PBXFileReference; fileEncoding = 4; lastKnownFileType = sourcecode.swift; path = StartViewController.swift; sourceTree = "<group>"; };
		67B042A923E278490046924F /* EmailPhoneSignUpViewController.swift */ = {isa = PBXFileReference; fileEncoding = 4; lastKnownFileType = sourcecode.swift; path = EmailPhoneSignUpViewController.swift; sourceTree = "<group>"; };
		67B042AA23E278490046924F /* LoginViewController.swift */ = {isa = PBXFileReference; fileEncoding = 4; lastKnownFileType = sourcecode.swift; path = LoginViewController.swift; sourceTree = "<group>"; };
		67B042AB23E278490046924F /* AlreadyRegisteredEmailPasswordViewController.swift */ = {isa = PBXFileReference; fileEncoding = 4; lastKnownFileType = sourcecode.swift; path = AlreadyRegisteredEmailPasswordViewController.swift; sourceTree = "<group>"; };
		67B042AD23E278490046924F /* ExploreViewController.swift */ = {isa = PBXFileReference; fileEncoding = 4; lastKnownFileType = sourcecode.swift; path = ExploreViewController.swift; sourceTree = "<group>"; };
		67B042AE23E278490046924F /* ActivityViewController.swift */ = {isa = PBXFileReference; fileEncoding = 4; lastKnownFileType = sourcecode.swift; path = ActivityViewController.swift; sourceTree = "<group>"; };
		67B042AF23E278490046924F /* HomeViewController.swift */ = {isa = PBXFileReference; fileEncoding = 4; lastKnownFileType = sourcecode.swift; path = HomeViewController.swift; sourceTree = "<group>"; };
		67B042B123E278490046924F /* ExploreProfileViewController.swift */ = {isa = PBXFileReference; fileEncoding = 4; lastKnownFileType = sourcecode.swift; path = ExploreProfileViewController.swift; sourceTree = "<group>"; };
		67B042B223E278490046924F /* ProfileViewController.swift */ = {isa = PBXFileReference; fileEncoding = 4; lastKnownFileType = sourcecode.swift; path = ProfileViewController.swift; sourceTree = "<group>"; };
		67B042B323E278490046924F /* ProfileSettingsViewController.swift */ = {isa = PBXFileReference; fileEncoding = 4; lastKnownFileType = sourcecode.swift; path = ProfileSettingsViewController.swift; sourceTree = "<group>"; };
		67B042B623E278490046924F /* ChooseDareViewController.swift */ = {isa = PBXFileReference; fileEncoding = 4; lastKnownFileType = sourcecode.swift; path = ChooseDareViewController.swift; sourceTree = "<group>"; };
		67B042B723E278490046924F /* DareCameraViewController.swift */ = {isa = PBXFileReference; fileEncoding = 4; lastKnownFileType = sourcecode.swift; path = DareCameraViewController.swift; sourceTree = "<group>"; };
		67B042B823E278490046924F /* DarePostViewController.swift */ = {isa = PBXFileReference; fileEncoding = 4; lastKnownFileType = sourcecode.swift; path = DarePostViewController.swift; sourceTree = "<group>"; };
		67B042CB23E2785B0046924F /* ActivityLoadingCellNode.swift */ = {isa = PBXFileReference; fileEncoding = 4; lastKnownFileType = sourcecode.swift; path = ActivityLoadingCellNode.swift; sourceTree = "<group>"; };
		67B042CC23E2785B0046924F /* ProfileHeaderCollectionViewCell.swift */ = {isa = PBXFileReference; fileEncoding = 4; lastKnownFileType = sourcecode.swift; path = ProfileHeaderCollectionViewCell.swift; sourceTree = "<group>"; };
		67B042CD23E2785B0046924F /* PostCollectionViewCell.swift */ = {isa = PBXFileReference; fileEncoding = 4; lastKnownFileType = sourcecode.swift; path = PostCollectionViewCell.swift; sourceTree = "<group>"; };
		67B042CE23E2785B0046924F /* MainTabBarController.swift */ = {isa = PBXFileReference; fileEncoding = 4; lastKnownFileType = sourcecode.swift; path = MainTabBarController.swift; sourceTree = "<group>"; };
		67B042CF23E2785B0046924F /* ExploreProfileHeaderCell.swift */ = {isa = PBXFileReference; fileEncoding = 4; lastKnownFileType = sourcecode.swift; path = ExploreProfileHeaderCell.swift; sourceTree = "<group>"; };
		67B042D023E2785B0046924F /* Post.swift */ = {isa = PBXFileReference; fileEncoding = 4; lastKnownFileType = sourcecode.swift; path = Post.swift; sourceTree = "<group>"; };
		67B042D223E2785B0046924F /* hills.mp4 */ = {isa = PBXFileReference; lastKnownFileType = file; path = hills.mp4; sourceTree = "<group>"; };
		67B042DB23E278660046924F /* Constants.swift */ = {isa = PBXFileReference; fileEncoding = 4; lastKnownFileType = sourcecode.swift; path = Constants.swift; sourceTree = "<group>"; };
		67B042DC23E278660046924F /* Utilities.swift */ = {isa = PBXFileReference; fileEncoding = 4; lastKnownFileType = sourcecode.swift; path = Utilities.swift; sourceTree = "<group>"; };
		67B042DF23E279390046924F /* GoogleService-Info.plist */ = {isa = PBXFileReference; fileEncoding = 4; lastKnownFileType = text.plist.xml; path = "GoogleService-Info.plist"; sourceTree = "<group>"; };
		67B042E123E287220046924F /* Dare.entitlements */ = {isa = PBXFileReference; lastKnownFileType = text.plist.entitlements; path = Dare.entitlements; sourceTree = "<group>"; };
		67B042E223E3698C0046924F /* VideoPlayback.swift */ = {isa = PBXFileReference; lastKnownFileType = sourcecode.swift; path = VideoPlayback.swift; sourceTree = "<group>"; };
		67B0430423E3C8760046924F /* EditProfileViewController.swift */ = {isa = PBXFileReference; lastKnownFileType = sourcecode.swift; path = EditProfileViewController.swift; sourceTree = "<group>"; };
		67B0430623E5480B0046924F /* ChangeUserInfoViewController.swift */ = {isa = PBXFileReference; lastKnownFileType = sourcecode.swift; path = ChangeUserInfoViewController.swift; sourceTree = "<group>"; };
		67B0430823E75F490046924F /* Profile.swift */ = {isa = PBXFileReference; lastKnownFileType = sourcecode.swift; path = Profile.swift; sourceTree = "<group>"; };
		67B3EDE023E7BF5F00D0C190 /* SegmentedControlExtension.swift */ = {isa = PBXFileReference; lastKnownFileType = sourcecode.swift; path = SegmentedControlExtension.swift; sourceTree = "<group>"; };
		67B3EDE223E7CF4E00D0C190 /* DareCategoryViewController.swift */ = {isa = PBXFileReference; lastKnownFileType = sourcecode.swift; path = DareCategoryViewController.swift; sourceTree = "<group>"; };
		67B3EDE423E886D100D0C190 /* Dare.swift */ = {isa = PBXFileReference; lastKnownFileType = sourcecode.swift; path = Dare.swift; sourceTree = "<group>"; };
		DCC8AB1B99FB22B8ABF56E7C /* Pods-Dare.debug.xcconfig */ = {isa = PBXFileReference; includeInIndex = 1; lastKnownFileType = text.xcconfig; name = "Pods-Dare.debug.xcconfig"; path = "Target Support Files/Pods-Dare/Pods-Dare.debug.xcconfig"; sourceTree = "<group>"; };
		ECE9565BB4A9B3596DF59CC1 /* Pods_Dare.framework */ = {isa = PBXFileReference; explicitFileType = wrapper.framework; includeInIndex = 0; path = Pods_Dare.framework; sourceTree = BUILT_PRODUCTS_DIR; };
/* End PBXFileReference section */

/* Begin PBXFrameworksBuildPhase section */
		67B0428923E277980046924F /* Frameworks */ = {
			isa = PBXFrameworksBuildPhase;
			buildActionMask = 2147483647;
			files = (
				140BC9AD81D4384E7B001AFB /* Pods_Dare.framework in Frameworks */,
			);
			runOnlyForDeploymentPostprocessing = 0;
		};
/* End PBXFrameworksBuildPhase section */

/* Begin PBXGroup section */
		678BAED223E9D9B8002E027E /* Classes */ = {
			isa = PBXGroup;
			children = (
				67B042D023E2785B0046924F /* Post.swift */,
				67B0430823E75F490046924F /* Profile.swift */,
				67B3EDE423E886D100D0C190 /* Dare.swift */,
			);
			path = Classes;
			sourceTree = "<group>";
		};
		678BAED323E9D9C7002E027E /* Cells */ = {
			isa = PBXGroup;
			children = (
				67B042CD23E2785B0046924F /* PostCollectionViewCell.swift */,
				67B042CB23E2785B0046924F /* ActivityLoadingCellNode.swift */,
				67B042CC23E2785B0046924F /* ProfileHeaderCollectionViewCell.swift */,
				67B042CF23E2785B0046924F /* ExploreProfileHeaderCell.swift */,
				678BAED423E9DA0E002E027E /* DarePageHeaderCell.swift */,
			);
			path = Cells;
			sourceTree = "<group>";
		};
		67B0428323E277980046924F = {
			isa = PBXGroup;
			children = (
				67B0428E23E277980046924F /* Dare */,
				67B0428D23E277980046924F /* Products */,
				88B507C92ED58F2C2FDE5E45 /* Pods */,
				B300C10654378B432A0F44B3 /* Frameworks */,
			);
			sourceTree = "<group>";
		};
		67B0428D23E277980046924F /* Products */ = {
			isa = PBXGroup;
			children = (
				67B0428C23E277980046924F /* Dare.app */,
			);
			name = Products;
			sourceTree = "<group>";
		};
		67B0428E23E277980046924F /* Dare */ = {
			isa = PBXGroup;
			children = (
				67B042E123E287220046924F /* Dare.entitlements */,
				67B042DA23E278660046924F /* Helpers */,
				67B042D123E2785B0046924F /* Media */,
				67B042CA23E2785B0046924F /* Custom Classes and Cells */,
				67B042A323E278490046924F /* ViewControllers */,
				67B0428F23E277980046924F /* AppDelegate.swift */,
				67B0429123E277980046924F /* SceneDelegate.swift */,
				67B0429323E277990046924F /* ViewController.swift */,
				67B0429823E2779A0046924F /* Assets.xcassets */,
				67B0429A23E2779A0046924F /* LaunchScreen.storyboard */,
				67B0429D23E2779A0046924F /* Info.plist */,
				67B042DF23E279390046924F /* GoogleService-Info.plist */,
			);
			path = Dare;
			sourceTree = "<group>";
		};
		67B042A323E278490046924F /* ViewControllers */ = {
			isa = PBXGroup;
			children = (
				67B042A423E278490046924F /* Authorization */,
				67B042AC23E278490046924F /* Main */,
			);
			name = ViewControllers;
			path = "../../../Ideas/Risk App/Dare/Dare/ViewControllers";
			sourceTree = "<group>";
		};
		67B042A423E278490046924F /* Authorization */ = {
			isa = PBXGroup;
			children = (
				67B042A823E278490046924F /* StartViewController.swift */,
				67B042A523E278490046924F /* SignUpViewController.swift */,
				67B042AA23E278490046924F /* LoginViewController.swift */,
				67B042A623E278490046924F /* EmailPhoneLoginViewController.swift */,
				67B042A723E278490046924F /* EmailPasswordSignUpViewController.swift */,
				67B042A923E278490046924F /* EmailPhoneSignUpViewController.swift */,
				67B042AB23E278490046924F /* AlreadyRegisteredEmailPasswordViewController.swift */,
			);
			path = Authorization;
			sourceTree = "<group>";
		};
		67B042AC23E278490046924F /* Main */ = {
			isa = PBXGroup;
			children = (
				67B0430C23E7826E0046924F /* Home */,
				67B0430B23E782540046924F /* Activity */,
				67B0430A23E7824A0046924F /* Explore */,
				67B042B023E278490046924F /* Profile */,
				67B042B423E278490046924F /* Create */,
			);
			path = Main;
			sourceTree = "<group>";
		};
		67B042B023E278490046924F /* Profile */ = {
			isa = PBXGroup;
			children = (
				67B042B223E278490046924F /* ProfileViewController.swift */,
				67B042B123E278490046924F /* ExploreProfileViewController.swift */,
				67B0430423E3C8760046924F /* EditProfileViewController.swift */,
				67B042B323E278490046924F /* ProfileSettingsViewController.swift */,
				67B0430623E5480B0046924F /* ChangeUserInfoViewController.swift */,
			);
			path = Profile;
			sourceTree = "<group>";
		};
		67B042B423E278490046924F /* Create */ = {
			isa = PBXGroup;
			children = (
				67B042B723E278490046924F /* DareCameraViewController.swift */,
				67B042E223E3698C0046924F /* VideoPlayback.swift */,
				67B042B623E278490046924F /* ChooseDareViewController.swift */,
				67B3EDE223E7CF4E00D0C190 /* DareCategoryViewController.swift */,
				67B042B823E278490046924F /* DarePostViewController.swift */,
			);
			path = Create;
			sourceTree = "<group>";
		};
		67B042CA23E2785B0046924F /* Custom Classes and Cells */ = {
			isa = PBXGroup;
			children = (
				67B042CE23E2785B0046924F /* MainTabBarController.swift */,
				678BAED323E9D9C7002E027E /* Cells */,
				678BAED223E9D9B8002E027E /* Classes */,
			);
			name = "Custom Classes and Cells";
			path = "../../../Ideas/Risk App/Dare/Dare/Custom Classes and Cells";
			sourceTree = "<group>";
		};
		67B042D123E2785B0046924F /* Media */ = {
			isa = PBXGroup;
			children = (
				67B042D223E2785B0046924F /* hills.mp4 */,
			);
			name = Media;
			path = "../../../Ideas/Risk App/Dare/Dare/Media";
			sourceTree = "<group>";
		};
		67B042DA23E278660046924F /* Helpers */ = {
			isa = PBXGroup;
			children = (
				67B042DB23E278660046924F /* Constants.swift */,
				67B042DC23E278660046924F /* Utilities.swift */,
				67B3EDE023E7BF5F00D0C190 /* SegmentedControlExtension.swift */,
			);
			path = Helpers;
			sourceTree = "<group>";
		};
		67B0430A23E7824A0046924F /* Explore */ = {
			isa = PBXGroup;
			children = (
				67B042AD23E278490046924F /* ExploreViewController.swift */,
				678BAED023E9D672002E027E /* DarePageViewController.swift */,
			);
			path = Explore;
			sourceTree = "<group>";
		};
		67B0430B23E782540046924F /* Activity */ = {
			isa = PBXGroup;
			children = (
				67B042AE23E278490046924F /* ActivityViewController.swift */,
			);
			path = Activity;
			sourceTree = "<group>";
		};
		67B0430C23E7826E0046924F /* Home */ = {
			isa = PBXGroup;
			children = (
				67B042AF23E278490046924F /* HomeViewController.swift */,
			);
			path = Home;
			sourceTree = "<group>";
		};
		88B507C92ED58F2C2FDE5E45 /* Pods */ = {
			isa = PBXGroup;
			children = (
				DCC8AB1B99FB22B8ABF56E7C /* Pods-Dare.debug.xcconfig */,
				4B163FBA6F6A0ABEDD6FBC96 /* Pods-Dare.release.xcconfig */,
			);
			path = Pods;
			sourceTree = "<group>";
		};
		B300C10654378B432A0F44B3 /* Frameworks */ = {
			isa = PBXGroup;
			children = (
				ECE9565BB4A9B3596DF59CC1 /* Pods_Dare.framework */,
			);
			name = Frameworks;
			sourceTree = "<group>";
		};
/* End PBXGroup section */

/* Begin PBXNativeTarget section */
		67B0428B23E277980046924F /* Dare */ = {
			isa = PBXNativeTarget;
			buildConfigurationList = 67B042A023E2779A0046924F /* Build configuration list for PBXNativeTarget "Dare" */;
			buildPhases = (
				444654E79545539E1BF1E01B /* [CP] Check Pods Manifest.lock */,
				67B0428823E277980046924F /* Sources */,
				67B0428923E277980046924F /* Frameworks */,
				67B0428A23E277980046924F /* Resources */,
				0CC035023C686ECBCA0D6055 /* [CP] Embed Pods Frameworks */,
				F48FAA5551461645FCCFD92D /* [CP] Copy Pods Resources */,
			);
			buildRules = (
			);
			dependencies = (
			);
			name = Dare;
			productName = Dare;
			productReference = 67B0428C23E277980046924F /* Dare.app */;
			productType = "com.apple.product-type.application";
		};
/* End PBXNativeTarget section */

/* Begin PBXProject section */
		67B0428423E277980046924F /* Project object */ = {
			isa = PBXProject;
			attributes = {
				LastSwiftUpdateCheck = 1130;
				LastUpgradeCheck = 1130;
				ORGANIZATIONNAME = "Sam Acquaviva";
				TargetAttributes = {
					67B0428B23E277980046924F = {
						CreatedOnToolsVersion = 11.3.1;
					};
				};
			};
			buildConfigurationList = 67B0428723E277980046924F /* Build configuration list for PBXProject "Dare" */;
			compatibilityVersion = "Xcode 9.3";
			developmentRegion = en;
			hasScannedForEncodings = 0;
			knownRegions = (
				en,
				Base,
			);
			mainGroup = 67B0428323E277980046924F;
			productRefGroup = 67B0428D23E277980046924F /* Products */;
			projectDirPath = "";
			projectRoot = "";
			targets = (
				67B0428B23E277980046924F /* Dare */,
			);
		};
/* End PBXProject section */

/* Begin PBXResourcesBuildPhase section */
		67B0428A23E277980046924F /* Resources */ = {
			isa = PBXResourcesBuildPhase;
			buildActionMask = 2147483647;
			files = (
				67B042D923E2785B0046924F /* hills.mp4 in Resources */,
				67B0429C23E2779A0046924F /* LaunchScreen.storyboard in Resources */,
				67B042E023E279390046924F /* GoogleService-Info.plist in Resources */,
				67B0429923E2779A0046924F /* Assets.xcassets in Resources */,
			);
			runOnlyForDeploymentPostprocessing = 0;
		};
/* End PBXResourcesBuildPhase section */

/* Begin PBXShellScriptBuildPhase section */
		0CC035023C686ECBCA0D6055 /* [CP] Embed Pods Frameworks */ = {
			isa = PBXShellScriptBuildPhase;
			buildActionMask = 2147483647;
			files = (
			);
			inputFileListPaths = (
				"${PODS_ROOT}/Target Support Files/Pods-Dare/Pods-Dare-frameworks-${CONFIGURATION}-input-files.xcfilelist",
			);
			name = "[CP] Embed Pods Frameworks";
			outputFileListPaths = (
				"${PODS_ROOT}/Target Support Files/Pods-Dare/Pods-Dare-frameworks-${CONFIGURATION}-output-files.xcfilelist",
			);
			runOnlyForDeploymentPostprocessing = 0;
			shellPath = /bin/sh;
			shellScript = "\"${PODS_ROOT}/Target Support Files/Pods-Dare/Pods-Dare-frameworks.sh\"\n";
			showEnvVarsInLog = 0;
		};
		444654E79545539E1BF1E01B /* [CP] Check Pods Manifest.lock */ = {
			isa = PBXShellScriptBuildPhase;
			buildActionMask = 2147483647;
			files = (
			);
			inputFileListPaths = (
			);
			inputPaths = (
				"${PODS_PODFILE_DIR_PATH}/Podfile.lock",
				"${PODS_ROOT}/Manifest.lock",
			);
			name = "[CP] Check Pods Manifest.lock";
			outputFileListPaths = (
			);
			outputPaths = (
				"$(DERIVED_FILE_DIR)/Pods-Dare-checkManifestLockResult.txt",
			);
			runOnlyForDeploymentPostprocessing = 0;
			shellPath = /bin/sh;
			shellScript = "diff \"${PODS_PODFILE_DIR_PATH}/Podfile.lock\" \"${PODS_ROOT}/Manifest.lock\" > /dev/null\nif [ $? != 0 ] ; then\n    # print error to STDERR\n    echo \"error: The sandbox is not in sync with the Podfile.lock. Run 'pod install' or update your CocoaPods installation.\" >&2\n    exit 1\nfi\n# This output is used by Xcode 'outputs' to avoid re-running this script phase.\necho \"SUCCESS\" > \"${SCRIPT_OUTPUT_FILE_0}\"\n";
			showEnvVarsInLog = 0;
		};
		F48FAA5551461645FCCFD92D /* [CP] Copy Pods Resources */ = {
			isa = PBXShellScriptBuildPhase;
			buildActionMask = 2147483647;
			files = (
			);
			inputFileListPaths = (
				"${PODS_ROOT}/Target Support Files/Pods-Dare/Pods-Dare-resources-${CONFIGURATION}-input-files.xcfilelist",
			);
			name = "[CP] Copy Pods Resources";
			outputFileListPaths = (
				"${PODS_ROOT}/Target Support Files/Pods-Dare/Pods-Dare-resources-${CONFIGURATION}-output-files.xcfilelist",
			);
			runOnlyForDeploymentPostprocessing = 0;
			shellPath = /bin/sh;
			shellScript = "\"${PODS_ROOT}/Target Support Files/Pods-Dare/Pods-Dare-resources.sh\"\n";
			showEnvVarsInLog = 0;
		};
/* End PBXShellScriptBuildPhase section */

/* Begin PBXSourcesBuildPhase section */
		67B0428823E277980046924F /* Sources */ = {
			isa = PBXSourcesBuildPhase;
			buildActionMask = 2147483647;
			files = (
				67B0430523E3C8760046924F /* EditProfileViewController.swift in Sources */,
				67B042D523E2785B0046924F /* PostCollectionViewCell.swift in Sources */,
				67B042C923E278490046924F /* DarePostViewController.swift in Sources */,
				67B042DE23E278660046924F /* Utilities.swift in Sources */,
				67B042D623E2785B0046924F /* MainTabBarController.swift in Sources */,
				678BAED523E9DA0E002E027E /* DarePageHeaderCell.swift in Sources */,
				67B042BE23E278490046924F /* LoginViewController.swift in Sources */,
				67B3EDE323E7CF4E00D0C190 /* DareCategoryViewController.swift in Sources */,
				67B042BF23E278490046924F /* AlreadyRegisteredEmailPasswordViewController.swift in Sources */,
				67B042BB23E278490046924F /* EmailPasswordSignUpViewController.swift in Sources */,
				67B042BC23E278490046924F /* StartViewController.swift in Sources */,
				67B0430923E75F490046924F /* Profile.swift in Sources */,
				67B0429423E277990046924F /* ViewController.swift in Sources */,
				67B0429023E277980046924F /* AppDelegate.swift in Sources */,
				67B3EDE523E886D100D0C190 /* Dare.swift in Sources */,
				678BAED123E9D672002E027E /* DarePageViewController.swift in Sources */,
				67B0430723E5480B0046924F /* ChangeUserInfoViewController.swift in Sources */,
				67B042C323E278490046924F /* ExploreProfileViewController.swift in Sources */,
				67B042D323E2785B0046924F /* ActivityLoadingCellNode.swift in Sources */,
				67B042D423E2785B0046924F /* ProfileHeaderCollectionViewCell.swift in Sources */,
				67B042C523E278490046924F /* ProfileSettingsViewController.swift in Sources */,
				67B042BA23E278490046924F /* EmailPhoneLoginViewController.swift in Sources */,
				67B042C123E278490046924F /* ActivityViewController.swift in Sources */,
				67B042C823E278490046924F /* DareCameraViewController.swift in Sources */,
				67B3EDE123E7BF5F00D0C190 /* SegmentedControlExtension.swift in Sources */,
				67B042B923E278490046924F /* SignUpViewController.swift in Sources */,
				67B042D823E2785B0046924F /* Post.swift in Sources */,
				67B042BD23E278490046924F /* EmailPhoneSignUpViewController.swift in Sources */,
				67B042C023E278490046924F /* ExploreViewController.swift in Sources */,
				67B042C723E278490046924F /* ChooseDareViewController.swift in Sources */,
				67B042C423E278490046924F /* ProfileViewController.swift in Sources */,
				67B042C223E278490046924F /* HomeViewController.swift in Sources */,
				67B042E323E3698C0046924F /* VideoPlayback.swift in Sources */,
				67B0429223E277980046924F /* SceneDelegate.swift in Sources */,
				67B042D723E2785B0046924F /* ExploreProfileHeaderCell.swift in Sources */,
				67B042DD23E278660046924F /* Constants.swift in Sources */,
			);
			runOnlyForDeploymentPostprocessing = 0;
		};
/* End PBXSourcesBuildPhase section */

/* Begin PBXVariantGroup section */
		67B0429A23E2779A0046924F /* LaunchScreen.storyboard */ = {
			isa = PBXVariantGroup;
			children = (
				67B0429B23E2779A0046924F /* Base */,
			);
			name = LaunchScreen.storyboard;
			sourceTree = "<group>";
		};
/* End PBXVariantGroup section */

/* Begin XCBuildConfiguration section */
		67B0429E23E2779A0046924F /* Debug */ = {
			isa = XCBuildConfiguration;
			buildSettings = {
				ALWAYS_SEARCH_USER_PATHS = NO;
				CLANG_ANALYZER_NONNULL = YES;
				CLANG_ANALYZER_NUMBER_OBJECT_CONVERSION = YES_AGGRESSIVE;
				CLANG_CXX_LANGUAGE_STANDARD = "gnu++14";
				CLANG_CXX_LIBRARY = "libc++";
				CLANG_ENABLE_MODULES = YES;
				CLANG_ENABLE_OBJC_ARC = YES;
				CLANG_ENABLE_OBJC_WEAK = YES;
				CLANG_WARN_BLOCK_CAPTURE_AUTORELEASING = YES;
				CLANG_WARN_BOOL_CONVERSION = YES;
				CLANG_WARN_COMMA = YES;
				CLANG_WARN_CONSTANT_CONVERSION = YES;
				CLANG_WARN_DEPRECATED_OBJC_IMPLEMENTATIONS = YES;
				CLANG_WARN_DIRECT_OBJC_ISA_USAGE = YES_ERROR;
				CLANG_WARN_DOCUMENTATION_COMMENTS = YES;
				CLANG_WARN_EMPTY_BODY = YES;
				CLANG_WARN_ENUM_CONVERSION = YES;
				CLANG_WARN_INFINITE_RECURSION = YES;
				CLANG_WARN_INT_CONVERSION = YES;
				CLANG_WARN_NON_LITERAL_NULL_CONVERSION = YES;
				CLANG_WARN_OBJC_IMPLICIT_RETAIN_SELF = YES;
				CLANG_WARN_OBJC_LITERAL_CONVERSION = YES;
				CLANG_WARN_OBJC_ROOT_CLASS = YES_ERROR;
				CLANG_WARN_RANGE_LOOP_ANALYSIS = YES;
				CLANG_WARN_STRICT_PROTOTYPES = YES;
				CLANG_WARN_SUSPICIOUS_MOVE = YES;
				CLANG_WARN_UNGUARDED_AVAILABILITY = YES_AGGRESSIVE;
				CLANG_WARN_UNREACHABLE_CODE = YES;
				CLANG_WARN__DUPLICATE_METHOD_MATCH = YES;
				COPY_PHASE_STRIP = NO;
				DEBUG_INFORMATION_FORMAT = dwarf;
				ENABLE_STRICT_OBJC_MSGSEND = YES;
				ENABLE_TESTABILITY = YES;
				GCC_C_LANGUAGE_STANDARD = gnu11;
				GCC_DYNAMIC_NO_PIC = NO;
				GCC_NO_COMMON_BLOCKS = YES;
				GCC_OPTIMIZATION_LEVEL = 0;
				GCC_PREPROCESSOR_DEFINITIONS = (
					"DEBUG=1",
					"$(inherited)",
				);
				GCC_WARN_64_TO_32_BIT_CONVERSION = YES;
				GCC_WARN_ABOUT_RETURN_TYPE = YES_ERROR;
				GCC_WARN_UNDECLARED_SELECTOR = YES;
				GCC_WARN_UNINITIALIZED_AUTOS = YES_AGGRESSIVE;
				GCC_WARN_UNUSED_FUNCTION = YES;
				GCC_WARN_UNUSED_VARIABLE = YES;
				IPHONEOS_DEPLOYMENT_TARGET = 13.2;
				MTL_ENABLE_DEBUG_INFO = INCLUDE_SOURCE;
				MTL_FAST_MATH = YES;
				ONLY_ACTIVE_ARCH = YES;
				SDKROOT = iphoneos;
				SWIFT_ACTIVE_COMPILATION_CONDITIONS = DEBUG;
				SWIFT_OPTIMIZATION_LEVEL = "-Onone";
			};
			name = Debug;
		};
		67B0429F23E2779A0046924F /* Release */ = {
			isa = XCBuildConfiguration;
			buildSettings = {
				ALWAYS_SEARCH_USER_PATHS = NO;
				CLANG_ANALYZER_NONNULL = YES;
				CLANG_ANALYZER_NUMBER_OBJECT_CONVERSION = YES_AGGRESSIVE;
				CLANG_CXX_LANGUAGE_STANDARD = "gnu++14";
				CLANG_CXX_LIBRARY = "libc++";
				CLANG_ENABLE_MODULES = YES;
				CLANG_ENABLE_OBJC_ARC = YES;
				CLANG_ENABLE_OBJC_WEAK = YES;
				CLANG_WARN_BLOCK_CAPTURE_AUTORELEASING = YES;
				CLANG_WARN_BOOL_CONVERSION = YES;
				CLANG_WARN_COMMA = YES;
				CLANG_WARN_CONSTANT_CONVERSION = YES;
				CLANG_WARN_DEPRECATED_OBJC_IMPLEMENTATIONS = YES;
				CLANG_WARN_DIRECT_OBJC_ISA_USAGE = YES_ERROR;
				CLANG_WARN_DOCUMENTATION_COMMENTS = YES;
				CLANG_WARN_EMPTY_BODY = YES;
				CLANG_WARN_ENUM_CONVERSION = YES;
				CLANG_WARN_INFINITE_RECURSION = YES;
				CLANG_WARN_INT_CONVERSION = YES;
				CLANG_WARN_NON_LITERAL_NULL_CONVERSION = YES;
				CLANG_WARN_OBJC_IMPLICIT_RETAIN_SELF = YES;
				CLANG_WARN_OBJC_LITERAL_CONVERSION = YES;
				CLANG_WARN_OBJC_ROOT_CLASS = YES_ERROR;
				CLANG_WARN_RANGE_LOOP_ANALYSIS = YES;
				CLANG_WARN_STRICT_PROTOTYPES = YES;
				CLANG_WARN_SUSPICIOUS_MOVE = YES;
				CLANG_WARN_UNGUARDED_AVAILABILITY = YES_AGGRESSIVE;
				CLANG_WARN_UNREACHABLE_CODE = YES;
				CLANG_WARN__DUPLICATE_METHOD_MATCH = YES;
				COPY_PHASE_STRIP = NO;
				DEBUG_INFORMATION_FORMAT = "dwarf-with-dsym";
				ENABLE_NS_ASSERTIONS = NO;
				ENABLE_STRICT_OBJC_MSGSEND = YES;
				GCC_C_LANGUAGE_STANDARD = gnu11;
				GCC_NO_COMMON_BLOCKS = YES;
				GCC_WARN_64_TO_32_BIT_CONVERSION = YES;
				GCC_WARN_ABOUT_RETURN_TYPE = YES_ERROR;
				GCC_WARN_UNDECLARED_SELECTOR = YES;
				GCC_WARN_UNINITIALIZED_AUTOS = YES_AGGRESSIVE;
				GCC_WARN_UNUSED_FUNCTION = YES;
				GCC_WARN_UNUSED_VARIABLE = YES;
				IPHONEOS_DEPLOYMENT_TARGET = 13.2;
				MTL_ENABLE_DEBUG_INFO = NO;
				MTL_FAST_MATH = YES;
				SDKROOT = iphoneos;
				SWIFT_COMPILATION_MODE = wholemodule;
				SWIFT_OPTIMIZATION_LEVEL = "-O";
				VALIDATE_PRODUCT = YES;
			};
			name = Release;
		};
		67B042A123E2779A0046924F /* Debug */ = {
			isa = XCBuildConfiguration;
			baseConfigurationReference = DCC8AB1B99FB22B8ABF56E7C /* Pods-Dare.debug.xcconfig */;
			buildSettings = {
				ASSETCATALOG_COMPILER_APPICON_NAME = AppIcon;
				CODE_SIGN_ENTITLEMENTS = Dare/Dare.entitlements;
				CODE_SIGN_STYLE = Automatic;
				DEVELOPMENT_TEAM = 63G2K835SQ;
				INFOPLIST_FILE = Dare/Info.plist;
				IPHONEOS_DEPLOYMENT_TARGET = 12.4;
				LD_RUNPATH_SEARCH_PATHS = (
					"$(inherited)",
					"@executable_path/Frameworks",
				);
				PRODUCT_BUNDLE_IDENTIFIER = samacquaviva.Dare;
				PRODUCT_NAME = "$(TARGET_NAME)";
				SWIFT_VERSION = 5.0;
				TARGETED_DEVICE_FAMILY = "1,2";
			};
			name = Debug;
		};
		67B042A223E2779A0046924F /* Release */ = {
			isa = XCBuildConfiguration;
			baseConfigurationReference = 4B163FBA6F6A0ABEDD6FBC96 /* Pods-Dare.release.xcconfig */;
			buildSettings = {
				ASSETCATALOG_COMPILER_APPICON_NAME = AppIcon;
				CODE_SIGN_ENTITLEMENTS = Dare/Dare.entitlements;
				CODE_SIGN_STYLE = Automatic;
				DEVELOPMENT_TEAM = 63G2K835SQ;
				INFOPLIST_FILE = Dare/Info.plist;
				IPHONEOS_DEPLOYMENT_TARGET = 12.4;
				LD_RUNPATH_SEARCH_PATHS = (
					"$(inherited)",
					"@executable_path/Frameworks",
				);
				PRODUCT_BUNDLE_IDENTIFIER = samacquaviva.Dare;
				PRODUCT_NAME = "$(TARGET_NAME)";
				SWIFT_VERSION = 5.0;
				TARGETED_DEVICE_FAMILY = "1,2";
			};
			name = Release;
		};
/* End XCBuildConfiguration section */

/* Begin XCConfigurationList section */
		67B0428723E277980046924F /* Build configuration list for PBXProject "Dare" */ = {
			isa = XCConfigurationList;
			buildConfigurations = (
				67B0429E23E2779A0046924F /* Debug */,
				67B0429F23E2779A0046924F /* Release */,
			);
			defaultConfigurationIsVisible = 0;
			defaultConfigurationName = Release;
		};
		67B042A023E2779A0046924F /* Build configuration list for PBXNativeTarget "Dare" */ = {
			isa = XCConfigurationList;
			buildConfigurations = (
				67B042A123E2779A0046924F /* Debug */,
				67B042A223E2779A0046924F /* Release */,
			);
			defaultConfigurationIsVisible = 0;
			defaultConfigurationName = Release;
		};
/* End XCConfigurationList section */
	};
	rootObject = 67B0428423E277980046924F /* Project object */;
}
